
Microsoft Visual Studio Solution File, Format Version 12.00
# Visual Studio Version 16
VisualStudioVersion = 16.0.30717.126
MinimumVisualStudioVersion = 10.0.40219.1
Project("{FAE04EC0-301F-11D3-BF4B-00C04F79EFBC}") = "MongoTest", "MongoTest.csproj", "{5263F30F-9002-4910-AE67-AABD61BA877E}"
EndProject
Global
	GlobalSection(SolutionConfigurationPlatforms) = preSolution
		Debug|Any CPU = Debug|Any CPU
		Release|Any CPU = Release|Any CPU
	EndGlobalSection
	GlobalSection(ProjectConfigurationPlatforms) = postSolution
		{5263F30F-9002-4910-AE67-AABD61BA877E}.Debug|Any CPU.ActiveCfg = Debug|Any CPU
		{5263F30F-9002-4910-AE67-AABD61BA877E}.Debug|Any CPU.Build.0 = Debug|Any CPU
		{5263F30F-9002-4910-AE67-AABD61BA877E}.Release|Any CPU.ActiveCfg = Release|Any CPU
		{5263F30F-9002-4910-AE67-AABD61BA877E}.Release|Any CPU.Build.0 = Release|Any CPU
	EndGlobalSection
	GlobalSection(SolutionProperties) = preSolution
		HideSolutionNode = FALSE
	EndGlobalSection
	GlobalSection(ExtensibilityGlobals) = postSolution
		SolutionGuid = {B846DC32-0815-4993-829C-4A55C6B8D80D}
	EndGlobalSection
EndGlobal
